
Microsoft Visual Studio Solution File, Format Version 12.00
# Visual Studio Version 17
VisualStudioVersion = 17.4.33213.308
MinimumVisualStudioVersion = 10.0.40219.1
Project("{FAE04EC0-301F-11D3-BF4B-00C04F79EFBC}") = "AppCentreSampleApplication.Android", "AppCentreSampleApplication\AppCentreSampleApplication.Android\AppCentreSampleApplication.Android.csproj", "{E72ACD5A-DE7F-48D9-B643-C308EACCEA83}"
EndProject
Project("{FAE04EC0-301F-11D3-BF4B-00C04F79EFBC}") = "AppCentreSampleApplication.iOS", "AppCentreSampleApplication\AppCentreSampleApplication.iOS\AppCentreSampleApplication.iOS.csproj", "{9FE8BDE9-3089-4D83-8999-BD7D70512848}"
EndProject
Project("{FAE04EC0-301F-11D3-BF4B-00C04F79EFBC}") = "AppCentreSampleApplication", "AppCentreSampleApplication\AppCentreSampleApplication\AppCentreSampleApplication.csproj", "{031D409A-E12B-46FB-95ED-A877277BC05F}"
EndProject
Global
	GlobalSection(SolutionConfigurationPlatforms) = preSolution
		Debug|Any CPU = Debug|Any CPU
		Debug|iPhone = Debug|iPhone
		Debug|iPhoneSimulator = Debug|iPhoneSimulator
		Release|Any CPU = Release|Any CPU
		Release|iPhone = Release|iPhone
		Release|iPhoneSimulator = Release|iPhoneSimulator
	EndGlobalSection
	GlobalSection(ProjectConfigurationPlatforms) = postSolution
		{E72ACD5A-DE7F-48D9-B643-C308EACCEA83}.Debug|Any CPU.ActiveCfg = Debug|Any CPU
		{E72ACD5A-DE7F-48D9-B643-C308EACCEA83}.Debug|Any CPU.Build.0 = Debug|Any CPU
		{E72ACD5A-DE7F-48D9-B643-C308EACCEA83}.Debug|Any CPU.Deploy.0 = Debug|Any CPU
		{E72ACD5A-DE7F-48D9-B643-C308EACCEA83}.Debug|iPhone.ActiveCfg = Debug|Any CPU
		{E72ACD5A-DE7F-48D9-B643-C308EACCEA83}.Debug|iPhone.Build.0 = Debug|Any CPU
		{E72ACD5A-DE7F-48D9-B643-C308EACCEA83}.Debug|iPhone.Deploy.0 = Debug|Any CPU
		{E72ACD5A-DE7F-48D9-B643-C308EACCEA83}.Debug|iPhoneSimulator.ActiveCfg = Debug|Any CPU
		{E72ACD5A-DE7F-48D9-B643-C308EACCEA83}.Debug|iPhoneSimulator.Build.0 = Debug|Any CPU
		{E72ACD5A-DE7F-48D9-B643-C308EACCEA83}.Debug|iPhoneSimulator.Deploy.0 = Debug|Any CPU
		{E72ACD5A-DE7F-48D9-B643-C308EACCEA83}.Release|Any CPU.ActiveCfg = Release|Any CPU
		{E72ACD5A-DE7F-48D9-B643-C308EACCEA83}.Release|Any CPU.Build.0 = Release|Any CPU
		{E72ACD5A-DE7F-48D9-B643-C308EACCEA83}.Release|Any CPU.Deploy.0 = Release|Any CPU
		{E72ACD5A-DE7F-48D9-B643-C308EACCEA83}.Release|iPhone.ActiveCfg = Release|Any CPU
		{E72ACD5A-DE7F-48D9-B643-C308EACCEA83}.Release|iPhone.Build.0 = Release|Any CPU
		{E72ACD5A-DE7F-48D9-B643-C308EACCEA83}.Release|iPhone.Deploy.0 = Release|Any CPU
		{E72ACD5A-DE7F-48D9-B643-C308EACCEA83}.Release|iPhoneSimulator.ActiveCfg = Release|Any CPU
		{E72ACD5A-DE7F-48D9-B643-C308EACCEA83}.Release|iPhoneSimulator.Build.0 = Release|Any CPU
		{E72ACD5A-DE7F-48D9-B643-C308EACCEA83}.Release|iPhoneSimulator.Deploy.0 = Release|Any CPU
		{9FE8BDE9-3089-4D83-8999-BD7D70512848}.Debug|Any CPU.ActiveCfg = Debug|iPhone
		{9FE8BDE9-3089-4D83-8999-BD7D70512848}.Debug|Any CPU.Build.0 = Debug|iPhone
		{9FE8BDE9-3089-4D83-8999-BD7D70512848}.Debug|Any CPU.Deploy.0 = Debug|iPhone
		{9FE8BDE9-3089-4D83-8999-BD7D70512848}.Debug|iPhone.ActiveCfg = Debug|iPhone
		{9FE8BDE9-3089-4D83-8999-BD7D70512848}.Debug|iPhone.Build.0 = Debug|iPhone
		{9FE8BDE9-3089-4D83-8999-BD7D70512848}.Debug|iPhone.Deploy.0 = Debug|iPhone
		{9FE8BDE9-3089-4D83-8999-BD7D70512848}.Debug|iPhoneSimulator.ActiveCfg = Debug|iPhoneSimulator
		{9FE8BDE9-3089-4D83-8999-BD7D70512848}.Debug|iPhoneSimulator.Build.0 = Debug|iPhoneSimulator
		{9FE8BDE9-3089-4D83-8999-BD7D70512848}.Debug|iPhoneSimulator.Deploy.0 = Debug|iPhoneSimulator
		{9FE8BDE9-3089-4D83-8999-BD7D70512848}.Release|Any CPU.ActiveCfg = Release|iPhoneSimulator
		{9FE8BDE9-3089-4D83-8999-BD7D70512848}.Release|Any CPU.Build.0 = Release|iPhoneSimulator
		{9FE8BDE9-3089-4D83-8999-BD7D70512848}.Release|Any CPU.Deploy.0 = Release|iPhoneSimulator
		{9FE8BDE9-3089-4D83-8999-BD7D70512848}.Release|iPhone.ActiveCfg = Release|iPhone
		{9FE8BDE9-3089-4D83-8999-BD7D70512848}.Release|iPhone.Build.0 = Release|iPhone
		{9FE8BDE9-3089-4D83-8999-BD7D70512848}.Release|iPhone.Deploy.0 = Release|iPhone
		{9FE8BDE9-3089-4D83-8999-BD7D70512848}.Release|iPhoneSimulator.ActiveCfg = Release|iPhoneSimulator
		{9FE8BDE9-3089-4D83-8999-BD7D70512848}.Release|iPhoneSimulator.Build.0 = Release|iPhoneSimulator
		{9FE8BDE9-3089-4D83-8999-BD7D70512848}.Release|iPhoneSimulator.Deploy.0 = Release|iPhoneSimulator
		{031D409A-E12B-46FB-95ED-A877277BC05F}.Debug|Any CPU.ActiveCfg = Debug|Any CPU
		{031D409A-E12B-46FB-95ED-A877277BC05F}.Debug|Any CPU.Build.0 = Debug|Any CPU
		{031D409A-E12B-46FB-95ED-A877277BC05F}.Debug|Any CPU.Deploy.0 = Debug|Any CPU
		{031D409A-E12B-46FB-95ED-A877277BC05F}.Debug|iPhone.ActiveCfg = Debug|Any CPU
		{031D409A-E12B-46FB-95ED-A877277BC05F}.Debug|iPhone.Build.0 = Debug|Any CPU
		{031D409A-E12B-46FB-95ED-A877277BC05F}.Debug|iPhone.Deploy.0 = Debug|Any CPU
		{031D409A-E12B-46FB-95ED-A877277BC05F}.Debug|iPhoneSimulator.ActiveCfg = Debug|Any CPU
		{031D409A-E12B-46FB-95ED-A877277BC05F}.Debug|iPhoneSimulator.Build.0 = Debug|Any CPU
		{031D409A-E12B-46FB-95ED-A877277BC05F}.Debug|iPhoneSimulator.Deploy.0 = Debug|Any CPU
		{031D409A-E12B-46FB-95ED-A877277BC05F}.Release|Any CPU.ActiveCfg = Release|Any CPU
		{031D409A-E12B-46FB-95ED-A877277BC05F}.Release|Any CPU.Build.0 = Release|Any CPU
		{031D409A-E12B-46FB-95ED-A877277BC05F}.Release|Any CPU.Deploy.0 = Release|Any CPU
		{031D409A-E12B-46FB-95ED-A877277BC05F}.Release|iPhone.ActiveCfg = Release|Any CPU
		{031D409A-E12B-46FB-95ED-A877277BC05F}.Release|iPhone.Build.0 = Release|Any CPU
		{031D409A-E12B-46FB-95ED-A877277BC05F}.Release|iPhone.Deploy.0 = Release|Any CPU
		{031D409A-E12B-46FB-95ED-A877277BC05F}.Release|iPhoneSimulator.ActiveCfg = Release|Any CPU
		{031D409A-E12B-46FB-95ED-A877277BC05F}.Release|iPhoneSimulator.Build.0 = Release|Any CPU
		{031D409A-E12B-46FB-95ED-A877277BC05F}.Release|iPhoneSimulator.Deploy.0 = Release|Any CPU
	EndGlobalSection
	GlobalSection(SolutionProperties) = preSolution
		HideSolutionNode = FALSE
	EndGlobalSection
	GlobalSection(ExtensibilityGlobals) = postSolution
		SolutionGuid = {0C8C3AFF-EAB0-4714-8056-E86FEE9B43FB}
	EndGlobalSection
EndGlobal
